{
  "pins" : [
    {
      "identity" : "alerttoast",
      "kind" : "remoteSourceControl",
      "location" : "https://github.com/elai950/AlertToast",
      "state" : {
        "revision" : "a4f4267f6454259ba4ed8f9dadb87334a789c26c",
        "version" : "1.3.7"
      }
    },
    {
      "identity" : "alertx",
      "kind" : "remoteSourceControl",
      "location" : "https://github.com/neel-makhecha/AlertX.git",
      "state" : {
        "revision" : "8a360e662b6347735140b3216ff4aa5fe97af681",
        "version" : "1.2.1"
      }
    },
    {
      "identity" : "codescanner",
      "kind" : "remoteSourceControl",
      "location" : "https://github.com/twostraws/CodeScanner",
      "state" : {
        "revision" : "c7859712034a08bb5a018fbe8751c1f1edc4b248",
        "version" : "2.2.1"
      }
    },
    {
      "identity" : "concentriconboarding",
      "kind" : "remoteSourceControl",
      "location" : "https://github.com/exyte/ConcentricOnboarding",
      "state" : {
        "revision" : "db2c7730fcd210e763fcc8d4dcfc8cea1b0c5c8b",
        "version" : "1.0.3"
      }
    },
    {
      "identity" : "popupview",
      "kind" : "remoteSourceControl",
      "location" : "https://github.com/exyte/PopupView",
      "state" : {
        "revision" : "208faafa83c74a9366a216471cc69503ddb1a21a",
        "version" : "2.0.0"
      }
    },
    {
      "identity" : "slideovercard",
      "kind" : "remoteSourceControl",
      "location" : "https://github.com/joogps/SlideOverCard",
      "state" : {
        "revision" : "98af5370e49d3d51efb387aacee0245ec656e32b",
        "version" : "2.1.0"
      }
    }
  ],
  "version" : 2
}
